
Microsoft Visual Studio Solution File, Format Version 12.00
# Visual Studio Version 16
VisualStudioVersion = 16.0.32413.119
MinimumVisualStudioVersion = 10.0.40219.1
Project("{FAE04EC0-301F-11D3-BF4B-00C04F79EFBC}") = "WebService", "WebService\WebService.csproj", "{301EE757-37F4-473A-8794-D7EA53E09929}"
EndProject
Project("{E24C65DC-7377-472B-9ABA-BC803B73C61A}") = "Front", "Front\", "{BF2FF36F-278D-4FDA-BD15-A4F5EDF937ED}"
	ProjectSection(WebsiteProperties) = preProject
		TargetFrameworkMoniker = ".NETFramework,Version%3Dv4.0"
		Debug.AspNetCompiler.VirtualPath = "/localhost_64731"
		Debug.AspNetCompiler.PhysicalPath = "Front\"
		Debug.AspNetCompiler.TargetPath = "PrecompiledWeb\localhost_64731\"
		Debug.AspNetCompiler.Updateable = "true"
		Debug.AspNetCompiler.ForceOverwrite = "true"
		Debug.AspNetCompiler.FixedNames = "false"
		Debug.AspNetCompiler.Debug = "True"
		Release.AspNetCompiler.VirtualPath = "/localhost_64731"
		Release.AspNetCompiler.PhysicalPath = "Front\"
		Release.AspNetCompiler.TargetPath = "PrecompiledWeb\localhost_64731\"
		Release.AspNetCompiler.Updateable = "true"
		Release.AspNetCompiler.ForceOverwrite = "true"
		Release.AspNetCompiler.FixedNames = "false"
		Release.AspNetCompiler.Debug = "False"
		VWDPort = "64731"
		SlnRelativePath = "Front\"
	EndProjectSection
EndProject
Global
	GlobalSection(SolutionConfigurationPlatforms) = preSolution
		Debug|Any CPU = Debug|Any CPU
		Release|Any CPU = Release|Any CPU
	EndGlobalSection
	GlobalSection(ProjectConfigurationPlatforms) = postSolution
		{301EE757-37F4-473A-8794-D7EA53E09929}.Debug|Any CPU.ActiveCfg = Debug|Any CPU
		{301EE757-37F4-473A-8794-D7EA53E09929}.Debug|Any CPU.Build.0 = Debug|Any CPU
		{301EE757-37F4-473A-8794-D7EA53E09929}.Release|Any CPU.ActiveCfg = Release|Any CPU
		{301EE757-37F4-473A-8794-D7EA53E09929}.Release|Any CPU.Build.0 = Release|Any CPU
		{BF2FF36F-278D-4FDA-BD15-A4F5EDF937ED}.Debug|Any CPU.ActiveCfg = Debug|Any CPU
		{BF2FF36F-278D-4FDA-BD15-A4F5EDF937ED}.Debug|Any CPU.Build.0 = Debug|Any CPU
		{BF2FF36F-278D-4FDA-BD15-A4F5EDF937ED}.Release|Any CPU.ActiveCfg = Debug|Any CPU
		{BF2FF36F-278D-4FDA-BD15-A4F5EDF937ED}.Release|Any CPU.Build.0 = Debug|Any CPU
	EndGlobalSection
	GlobalSection(SolutionProperties) = preSolution
		HideSolutionNode = FALSE
	EndGlobalSection
	GlobalSection(ExtensibilityGlobals) = postSolution
		SolutionGuid = {F67F1317-6C40-482C-AA41-6CB60F4A54E0}
	EndGlobalSection
EndGlobal
